
Microsoft Visual Studio Solution File, Format Version 12.00
# Visual Studio Version 17
VisualStudioVersion = 17.14.36109.1
MinimumVisualStudioVersion = 10.0.40219.1
Project("{FAE04EC0-301F-11D3-BF4B-00C04F79EFBC}") = "ejercicio1", "ejercicio1\ejercicio1.csproj", "{B1AFB503-0DA0-4E6F-B141-12D0461F0D79}"
EndProject
Project("{FAE04EC0-301F-11D3-BF4B-00C04F79EFBC}") = "ejercicio2", "ejercicio2\ejercicio2.csproj", "{AB0B8632-4CDC-4A4F-A0A1-90C7DDE6B7E8}"
EndProject
Project("{FAE04EC0-301F-11D3-BF4B-00C04F79EFBC}") = "ejercicio3", "ejercicio3\ejercicio3.csproj", "{D5B5CE01-C39C-4254-BDDD-7B800FBDBAD3}"
EndProject
Project("{FAE04EC0-301F-11D3-BF4B-00C04F79EFBC}") = "ejercicio4", "ejercicio4\ejercicio4.csproj", "{7DAF203C-DB1B-40E9-8BA6-C0A3E4D0C04D}"
EndProject
Project("{FAE04EC0-301F-11D3-BF4B-00C04F79EFBC}") = "ejercicio5", "ejercicio5\ejercicio5.csproj", "{72159057-8280-4A4B-B5A0-37BC878421B2}"
EndProject
Project("{FAE04EC0-301F-11D3-BF4B-00C04F79EFBC}") = "ejercicio6", "ejercicio6\ejercicio6.csproj", "{FEBBE66B-51B5-43F8-9CC0-62446CFD32C1}"
EndProject
Project("{FAE04EC0-301F-11D3-BF4B-00C04F79EFBC}") = "ejercicio7", "ejercicio7\ejercicio7.csproj", "{A2B27B4F-6C37-4AC7-948E-80A5E8CD3352}"
EndProject
Project("{FAE04EC0-301F-11D3-BF4B-00C04F79EFBC}") = "ejercicio8", "ejercicio8\ejercicio8.csproj", "{21CB7948-CBC6-425E-A9FE-1A33B5A32205}"
EndProject
Project("{FAE04EC0-301F-11D3-BF4B-00C04F79EFBC}") = "ejercicio9", "ejercicio9\ejercicio9.csproj", "{82801FF9-B980-403B-87D4-100F32582EFD}"
EndProject
Project("{FAE04EC0-301F-11D3-BF4B-00C04F79EFBC}") = "ejercicio10", "ejercicio10\ejercicio10.csproj", "{1366020E-70B0-4C94-B997-AC5E9ABF6AB0}"
EndProject
Project("{FAE04EC0-301F-11D3-BF4B-00C04F79EFBC}") = "ejercicio11", "ejercicio11\ejercicio11.csproj", "{C6685506-D8C9-457A-BD70-C962FA5872E5}"
EndProject
Project("{FAE04EC0-301F-11D3-BF4B-00C04F79EFBC}") = "ejercicio12", "ejercicio12\ejercicio12.csproj", "{514F1469-CB64-433C-871D-D5F89461D26A}"
EndProject
Project("{FAE04EC0-301F-11D3-BF4B-00C04F79EFBC}") = "ejercicio13", "ejercicio13\ejercicio13.csproj", "{DE0030BE-AF1B-4504-9077-EEC2C766CF9A}"
EndProject
Project("{FAE04EC0-301F-11D3-BF4B-00C04F79EFBC}") = "ejercicio14", "ejercicio14\ejercicio14.csproj", "{F817F83F-CD9A-470B-9A72-4E44CD9E5DF0}"
EndProject
Project("{FAE04EC0-301F-11D3-BF4B-00C04F79EFBC}") = "ejercicio15", "ejercicio15\ejercicio15.csproj", "{4D824411-EDFA-4258-BB49-B61408968268}"
EndProject
Global
	GlobalSection(SolutionConfigurationPlatforms) = preSolution
		Debug|Any CPU = Debug|Any CPU
		Release|Any CPU = Release|Any CPU
	EndGlobalSection
	GlobalSection(ProjectConfigurationPlatforms) = postSolution
		{B1AFB503-0DA0-4E6F-B141-12D0461F0D79}.Debug|Any CPU.ActiveCfg = Debug|Any CPU
		{B1AFB503-0DA0-4E6F-B141-12D0461F0D79}.Debug|Any CPU.Build.0 = Debug|Any CPU
		{B1AFB503-0DA0-4E6F-B141-12D0461F0D79}.Release|Any CPU.ActiveCfg = Release|Any CPU
		{B1AFB503-0DA0-4E6F-B141-12D0461F0D79}.Release|Any CPU.Build.0 = Release|Any CPU
		{AB0B8632-4CDC-4A4F-A0A1-90C7DDE6B7E8}.Debug|Any CPU.ActiveCfg = Debug|Any CPU
		{AB0B8632-4CDC-4A4F-A0A1-90C7DDE6B7E8}.Debug|Any CPU.Build.0 = Debug|Any CPU
		{AB0B8632-4CDC-4A4F-A0A1-90C7DDE6B7E8}.Release|Any CPU.ActiveCfg = Release|Any CPU
		{AB0B8632-4CDC-4A4F-A0A1-90C7DDE6B7E8}.Release|Any CPU.Build.0 = Release|Any CPU
		{D5B5CE01-C39C-4254-BDDD-7B800FBDBAD3}.Debug|Any CPU.ActiveCfg = Debug|Any CPU
		{D5B5CE01-C39C-4254-BDDD-7B800FBDBAD3}.Debug|Any CPU.Build.0 = Debug|Any CPU
		{D5B5CE01-C39C-4254-BDDD-7B800FBDBAD3}.Release|Any CPU.ActiveCfg = Release|Any CPU
		{D5B5CE01-C39C-4254-BDDD-7B800FBDBAD3}.Release|Any CPU.Build.0 = Release|Any CPU
		{7DAF203C-DB1B-40E9-8BA6-C0A3E4D0C04D}.Debug|Any CPU.ActiveCfg = Debug|Any CPU
		{7DAF203C-DB1B-40E9-8BA6-C0A3E4D0C04D}.Debug|Any CPU.Build.0 = Debug|Any CPU
		{7DAF203C-DB1B-40E9-8BA6-C0A3E4D0C04D}.Release|Any CPU.ActiveCfg = Release|Any CPU
		{7DAF203C-DB1B-40E9-8BA6-C0A3E4D0C04D}.Release|Any CPU.Build.0 = Release|Any CPU
		{72159057-8280-4A4B-B5A0-37BC878421B2}.Debug|Any CPU.ActiveCfg = Debug|Any CPU
		{72159057-8280-4A4B-B5A0-37BC878421B2}.Debug|Any CPU.Build.0 = Debug|Any CPU
		{72159057-8280-4A4B-B5A0-37BC878421B2}.Release|Any CPU.ActiveCfg = Release|Any CPU
		{72159057-8280-4A4B-B5A0-37BC878421B2}.Release|Any CPU.Build.0 = Release|Any CPU
		{FEBBE66B-51B5-43F8-9CC0-62446CFD32C1}.Debug|Any CPU.ActiveCfg = Debug|Any CPU
		{FEBBE66B-51B5-43F8-9CC0-62446CFD32C1}.Debug|Any CPU.Build.0 = Debug|Any CPU
		{FEBBE66B-51B5-43F8-9CC0-62446CFD32C1}.Release|Any CPU.ActiveCfg = Release|Any CPU
		{FEBBE66B-51B5-43F8-9CC0-62446CFD32C1}.Release|Any CPU.Build.0 = Release|Any CPU
		{A2B27B4F-6C37-4AC7-948E-80A5E8CD3352}.Debug|Any CPU.ActiveCfg = Debug|Any CPU
		{A2B27B4F-6C37-4AC7-948E-80A5E8CD3352}.Debug|Any CPU.Build.0 = Debug|Any CPU
		{A2B27B4F-6C37-4AC7-948E-80A5E8CD3352}.Release|Any CPU.ActiveCfg = Release|Any CPU
		{A2B27B4F-6C37-4AC7-948E-80A5E8CD3352}.Release|Any CPU.Build.0 = Release|Any CPU
		{21CB7948-CBC6-425E-A9FE-1A33B5A32205}.Debug|Any CPU.ActiveCfg = Debug|Any CPU
		{21CB7948-CBC6-425E-A9FE-1A33B5A32205}.Debug|Any CPU.Build.0 = Debug|Any CPU
		{21CB7948-CBC6-425E-A9FE-1A33B5A32205}.Release|Any CPU.ActiveCfg = Release|Any CPU
		{21CB7948-CBC6-425E-A9FE-1A33B5A32205}.Release|Any CPU.Build.0 = Release|Any CPU
		{82801FF9-B980-403B-87D4-100F32582EFD}.Debug|Any CPU.ActiveCfg = Debug|Any CPU
		{82801FF9-B980-403B-87D4-100F32582EFD}.Debug|Any CPU.Build.0 = Debug|Any CPU
		{82801FF9-B980-403B-87D4-100F32582EFD}.Release|Any CPU.ActiveCfg = Release|Any CPU
		{82801FF9-B980-403B-87D4-100F32582EFD}.Release|Any CPU.Build.0 = Release|Any CPU
		{1366020E-70B0-4C94-B997-AC5E9ABF6AB0}.Debug|Any CPU.ActiveCfg = Debug|Any CPU
		{1366020E-70B0-4C94-B997-AC5E9ABF6AB0}.Debug|Any CPU.Build.0 = Debug|Any CPU
		{1366020E-70B0-4C94-B997-AC5E9ABF6AB0}.Release|Any CPU.ActiveCfg = Release|Any CPU
		{1366020E-70B0-4C94-B997-AC5E9ABF6AB0}.Release|Any CPU.Build.0 = Release|Any CPU
		{C6685506-D8C9-457A-BD70-C962FA5872E5}.Debug|Any CPU.ActiveCfg = Debug|Any CPU
		{C6685506-D8C9-457A-BD70-C962FA5872E5}.Debug|Any CPU.Build.0 = Debug|Any CPU
		{C6685506-D8C9-457A-BD70-C962FA5872E5}.Release|Any CPU.ActiveCfg = Release|Any CPU
		{C6685506-D8C9-457A-BD70-C962FA5872E5}.Release|Any CPU.Build.0 = Release|Any CPU
		{514F1469-CB64-433C-871D-D5F89461D26A}.Debug|Any CPU.ActiveCfg = Debug|Any CPU
		{514F1469-CB64-433C-871D-D5F89461D26A}.Debug|Any CPU.Build.0 = Debug|Any CPU
		{514F1469-CB64-433C-871D-D5F89461D26A}.Release|Any CPU.ActiveCfg = Release|Any CPU
		{514F1469-CB64-433C-871D-D5F89461D26A}.Release|Any CPU.Build.0 = Release|Any CPU
		{DE0030BE-AF1B-4504-9077-EEC2C766CF9A}.Debug|Any CPU.ActiveCfg = Debug|Any CPU
		{DE0030BE-AF1B-4504-9077-EEC2C766CF9A}.Debug|Any CPU.Build.0 = Debug|Any CPU
		{DE0030BE-AF1B-4504-9077-EEC2C766CF9A}.Release|Any CPU.ActiveCfg = Release|Any CPU
		{DE0030BE-AF1B-4504-9077-EEC2C766CF9A}.Release|Any CPU.Build.0 = Release|Any CPU
		{F817F83F-CD9A-470B-9A72-4E44CD9E5DF0}.Debug|Any CPU.ActiveCfg = Debug|Any CPU
		{F817F83F-CD9A-470B-9A72-4E44CD9E5DF0}.Debug|Any CPU.Build.0 = Debug|Any CPU
		{F817F83F-CD9A-470B-9A72-4E44CD9E5DF0}.Release|Any CPU.ActiveCfg = Release|Any CPU
		{F817F83F-CD9A-470B-9A72-4E44CD9E5DF0}.Release|Any CPU.Build.0 = Release|Any CPU
		{4D824411-EDFA-4258-BB49-B61408968268}.Debug|Any CPU.ActiveCfg = Debug|Any CPU
		{4D824411-EDFA-4258-BB49-B61408968268}.Debug|Any CPU.Build.0 = Debug|Any CPU
		{4D824411-EDFA-4258-BB49-B61408968268}.Release|Any CPU.ActiveCfg = Release|Any CPU
		{4D824411-EDFA-4258-BB49-B61408968268}.Release|Any CPU.Build.0 = Release|Any CPU
	EndGlobalSection
	GlobalSection(SolutionProperties) = preSolution
		HideSolutionNode = FALSE
	EndGlobalSection
	GlobalSection(ExtensibilityGlobals) = postSolution
		SolutionGuid = {4BDE46E6-7182-472A-861E-5AEA4DAA7A4A}
	EndGlobalSection
EndGlobal
